
Microsoft Visual Studio Solution File, Format Version 12.00
Project("{FAE04EC0-301F-11D3-BF4B-00C04F79EFBC}") = "DigitalDesignAbstractInstanceApp", "DigitalDesignAbstractInstanceApp\DigitalDesignAbstractInstanceApp.csproj", "{A99830E2-4A37-498C-8B6E-E07C82A3F0DC}"
EndProject
Global
	GlobalSection(SolutionConfigurationPlatforms) = preSolution
		Debug|Any CPU = Debug|Any CPU
		Release|Any CPU = Release|Any CPU
	EndGlobalSection
	GlobalSection(ProjectConfigurationPlatforms) = postSolution
		{A99830E2-4A37-498C-8B6E-E07C82A3F0DC}.Debug|Any CPU.ActiveCfg = Debug|Any CPU
		{A99830E2-4A37-498C-8B6E-E07C82A3F0DC}.Debug|Any CPU.Build.0 = Debug|Any CPU
		{A99830E2-4A37-498C-8B6E-E07C82A3F0DC}.Release|Any CPU.ActiveCfg = Release|Any CPU
		{A99830E2-4A37-498C-8B6E-E07C82A3F0DC}.Release|Any CPU.Build.0 = Release|Any CPU
	EndGlobalSection
EndGlobal
